// !$*UTF8*$!
{
	archiveVersion = 1;
	classes = {
	};
	objectVersion = 50;
	objects = {

/* Begin PBXBuildFile section */
		5AFC013AF1039F406943B464 /* libPods-TZCarShare.a in Frameworks */ = {isa = PBXBuildFile; fileRef = 7C4C2B0AEE1AB9699D842D95 /* libPods-TZCarShare.a */; };
		8F8D58A42122B26C0013B1C9 /* AppDelegate.m in Sources */ = {isa = PBXBuildFile; fileRef = 8F8D58A32122B26C0013B1C9 /* AppDelegate.m */; };
		8F8D58AC2122B26E0013B1C9 /* Assets.xcassets in Resources */ = {isa = PBXBuildFile; fileRef = 8F8D58AB2122B26E0013B1C9 /* Assets.xcassets */; };
		8F8D58B22122B26E0013B1C9 /* main.m in Sources */ = {isa = PBXBuildFile; fileRef = 8F8D58B12122B26E0013B1C9 /* main.m */; };
		8F8D58BB2122C5140013B1C9 /* TZBaseViewController.m in Sources */ = {isa = PBXBuildFile; fileRef = 8F8D58BA2122C5140013B1C9 /* TZBaseViewController.m */; };
		8F8D58CB2122C86A0013B1C9 /* TZHomeViewController.m in Sources */ = {isa = PBXBuildFile; fileRef = 8F8D58CA2122C86A0013B1C9 /* TZHomeViewController.m */; };
		8F8D58D02122CB330013B1C9 /* LaunchScreen.xib in Resources */ = {isa = PBXBuildFile; fileRef = 8F8D58CF2122CB320013B1C9 /* LaunchScreen.xib */; };
		8F8D58D32122CD400013B1C9 /* TZBaseNavigationViewController.m in Sources */ = {isa = PBXBuildFile; fileRef = 8F8D58D22122CD400013B1C9 /* TZBaseNavigationViewController.m */; };
		8F8D59072122D0940013B1C9 /* TZLeftMainDrawerVC.m in Sources */ = {isa = PBXBuildFile; fileRef = 8F8D59052122D0940013B1C9 /* TZLeftMainDrawerVC.m */; };
/* End PBXBuildFile section */

/* Begin PBXFileReference section */
		17139A30D627E7D9325CC09E /* Pods-TZCarShare.debug.xcconfig */ = {isa = PBXFileReference; includeInIndex = 1; lastKnownFileType = text.xcconfig; name = "Pods-TZCarShare.debug.xcconfig"; path = "Pods/Target Support Files/Pods-TZCarShare/Pods-TZCarShare.debug.xcconfig"; sourceTree = "<group>"; };
		7C4C2B0AEE1AB9699D842D95 /* libPods-TZCarShare.a */ = {isa = PBXFileReference; explicitFileType = archive.ar; includeInIndex = 0; path = "libPods-TZCarShare.a"; sourceTree = BUILT_PRODUCTS_DIR; };
		8F8D589F2122B26C0013B1C9 /* TZCarShare.app */ = {isa = PBXFileReference; explicitFileType = wrapper.application; includeInIndex = 0; path = TZCarShare.app; sourceTree = BUILT_PRODUCTS_DIR; };
		8F8D58A22122B26C0013B1C9 /* AppDelegate.h */ = {isa = PBXFileReference; lastKnownFileType = sourcecode.c.h; path = AppDelegate.h; sourceTree = "<group>"; };
		8F8D58A32122B26C0013B1C9 /* AppDelegate.m */ = {isa = PBXFileReference; lastKnownFileType = sourcecode.c.objc; path = AppDelegate.m; sourceTree = "<group>"; };
		8F8D58AB2122B26E0013B1C9 /* Assets.xcassets */ = {isa = PBXFileReference; lastKnownFileType = folder.assetcatalog; path = Assets.xcassets; sourceTree = "<group>"; };
		8F8D58B02122B26E0013B1C9 /* Info.plist */ = {isa = PBXFileReference; lastKnownFileType = text.plist.xml; path = Info.plist; sourceTree = "<group>"; };
		8F8D58B12122B26E0013B1C9 /* main.m */ = {isa = PBXFileReference; lastKnownFileType = sourcecode.c.objc; path = main.m; sourceTree = "<group>"; };
		8F8D58B92122C5140013B1C9 /* TZBaseViewController.h */ = {isa = PBXFileReference; lastKnownFileType = sourcecode.c.h; path = TZBaseViewController.h; sourceTree = "<group>"; };
		8F8D58BA2122C5140013B1C9 /* TZBaseViewController.m */ = {isa = PBXFileReference; lastKnownFileType = sourcecode.c.objc; path = TZBaseViewController.m; sourceTree = "<group>"; };
		8F8D58BC2122C5440013B1C9 /* TZCarShare.pch */ = {isa = PBXFileReference; lastKnownFileType = sourcecode.c.h; path = TZCarShare.pch; sourceTree = "<group>"; };
		8F8D58C92122C86A0013B1C9 /* TZHomeViewController.h */ = {isa = PBXFileReference; lastKnownFileType = sourcecode.c.h; path = TZHomeViewController.h; sourceTree = "<group>"; };
		8F8D58CA2122C86A0013B1C9 /* TZHomeViewController.m */ = {isa = PBXFileReference; lastKnownFileType = sourcecode.c.objc; path = TZHomeViewController.m; sourceTree = "<group>"; };
		8F8D58CF2122CB320013B1C9 /* LaunchScreen.xib */ = {isa = PBXFileReference; fileEncoding = 4; lastKnownFileType = file.xib; path = LaunchScreen.xib; sourceTree = "<group>"; };
		8F8D58D12122CD400013B1C9 /* TZBaseNavigationViewController.h */ = {isa = PBXFileReference; lastKnownFileType = sourcecode.c.h; path = TZBaseNavigationViewController.h; sourceTree = "<group>"; };
		8F8D58D22122CD400013B1C9 /* TZBaseNavigationViewController.m */ = {isa = PBXFileReference; lastKnownFileType = sourcecode.c.objc; path = TZBaseNavigationViewController.m; sourceTree = "<group>"; };
		8F8D59052122D0940013B1C9 /* TZLeftMainDrawerVC.m */ = {isa = PBXFileReference; fileEncoding = 4; lastKnownFileType = sourcecode.c.objc; path = TZLeftMainDrawerVC.m; sourceTree = "<group>"; };
		8F8D59062122D0940013B1C9 /* TZLeftMainDrawerVC.h */ = {isa = PBXFileReference; fileEncoding = 4; lastKnownFileType = sourcecode.c.h; path = TZLeftMainDrawerVC.h; sourceTree = "<group>"; };
		C937EFABBFC989963F71C9FA /* Pods-TZCarShare.release.xcconfig */ = {isa = PBXFileReference; includeInIndex = 1; lastKnownFileType = text.xcconfig; name = "Pods-TZCarShare.release.xcconfig"; path = "Pods/Target Support Files/Pods-TZCarShare/Pods-TZCarShare.release.xcconfig"; sourceTree = "<group>"; };
/* End PBXFileReference section */

/* Begin PBXFrameworksBuildPhase section */
		8F8D589C2122B26C0013B1C9 /* Frameworks */ = {
			isa = PBXFrameworksBuildPhase;
			buildActionMask = 2147483647;
			files = (
				5AFC013AF1039F406943B464 /* libPods-TZCarShare.a in Frameworks */,
			);
			runOnlyForDeploymentPostprocessing = 0;
		};
/* End PBXFrameworksBuildPhase section */

/* Begin PBXGroup section */
		04C1ED21D7964BC68422A764 /* Pods */ = {
			isa = PBXGroup;
			children = (
				17139A30D627E7D9325CC09E /* Pods-TZCarShare.debug.xcconfig */,
				C937EFABBFC989963F71C9FA /* Pods-TZCarShare.release.xcconfig */,
			);
			name = Pods;
			sourceTree = "<group>";
		};
		8F8D58962122B26C0013B1C9 = {
			isa = PBXGroup;
			children = (
				8F8D58D42122D03F0013B1C9 /* LeftDrawer */,
				8F8D58C32122C84D0013B1C9 /* Home */,
				8F8D58B82122C4F90013B1C9 /* Base */,
				8F8D58A12122B26C0013B1C9 /* TZCarShare */,
				8F8D58A02122B26C0013B1C9 /* Products */,
				04C1ED21D7964BC68422A764 /* Pods */,
				C8D85935EBAD9D3FA03A680C /* Frameworks */,
			);
			sourceTree = "<group>";
		};
		8F8D58A02122B26C0013B1C9 /* Products */ = {
			isa = PBXGroup;
			children = (
				8F8D589F2122B26C0013B1C9 /* TZCarShare.app */,
			);
			name = Products;
			sourceTree = "<group>";
		};
		8F8D58A12122B26C0013B1C9 /* TZCarShare */ = {
			isa = PBXGroup;
			children = (
				8F8D58CF2122CB320013B1C9 /* LaunchScreen.xib */,
				8F8D58A22122B26C0013B1C9 /* AppDelegate.h */,
				8F8D58A32122B26C0013B1C9 /* AppDelegate.m */,
				8F8D58AB2122B26E0013B1C9 /* Assets.xcassets */,
				8F8D58B02122B26E0013B1C9 /* Info.plist */,
				8F8D58B12122B26E0013B1C9 /* main.m */,
				8F8D58BC2122C5440013B1C9 /* TZCarShare.pch */,
			);
			path = TZCarShare;
			sourceTree = "<group>";
		};
		8F8D58B82122C4F90013B1C9 /* Base */ = {
			isa = PBXGroup;
			children = (
				8F8D58B92122C5140013B1C9 /* TZBaseViewController.h */,
				8F8D58BA2122C5140013B1C9 /* TZBaseViewController.m */,
				8F8D58D12122CD400013B1C9 /* TZBaseNavigationViewController.h */,
				8F8D58D22122CD400013B1C9 /* TZBaseNavigationViewController.m */,
			);
			path = Base;
			sourceTree = "<group>";
		};
		8F8D58C32122C84D0013B1C9 /* Home */ = {
			isa = PBXGroup;
			children = (
				8F8D58C82122C84D0013B1C9 /* ViewController */,
				8F8D58C42122C84D0013B1C9 /* ViewModel */,
				8F8D58C52122C84D0013B1C9 /* Other */,
				8F8D58C62122C84D0013B1C9 /* Model */,
				8F8D58C72122C84D0013B1C9 /* View */,
			);
			path = Home;
			sourceTree = "<group>";
		};
		8F8D58C42122C84D0013B1C9 /* ViewModel */ = {
			isa = PBXGroup;
			children = (
			);
			path = ViewModel;
			sourceTree = "<group>";
		};
		8F8D58C52122C84D0013B1C9 /* Other */ = {
			isa = PBXGroup;
			children = (
			);
			path = Other;
			sourceTree = "<group>";
		};
		8F8D58C62122C84D0013B1C9 /* Model */ = {
			isa = PBXGroup;
			children = (
			);
			path = Model;
			sourceTree = "<group>";
		};
		8F8D58C72122C84D0013B1C9 /* View */ = {
			isa = PBXGroup;
			children = (
			);
			path = View;
			sourceTree = "<group>";
		};
		8F8D58C82122C84D0013B1C9 /* ViewController */ = {
			isa = PBXGroup;
			children = (
				8F8D58C92122C86A0013B1C9 /* TZHomeViewController.h */,
				8F8D58CA2122C86A0013B1C9 /* TZHomeViewController.m */,
			);
			path = ViewController;
			sourceTree = "<group>";
		};
		8F8D58D42122D03F0013B1C9 /* LeftDrawer */ = {
			isa = PBXGroup;
			children = (
				8F8D58D52122D03F0013B1C9 /* AccidentRescue(事故救援) */,
				8F8D58DB2122D03F0013B1C9 /* LeftMainDrawer */,
				8F8D58E12122D03F0013B1C9 /* ViolationReporting(违章上报) */,
				8F8D58E72122D03F0013B1C9 /* MyItinerary(我的行程) */,
				8F8D58ED2122D03F0013B1C9 /* MyCoupon */,
				8F8D58F32122D03F0013B1C9 /* MyViolation(我的违章) */,
				8F8D58F92122D03F0013B1C9 /* MyWallet */,
				8F8D58FF2122D03F0013B1C9 /* FaultReport(故障上报) */,
			);
			path = LeftDrawer;
			sourceTree = "<group>";
		};
		8F8D58D52122D03F0013B1C9 /* AccidentRescue(事故救援) */ = {
			isa = PBXGroup;
			children = (
				8F8D58D62122D03F0013B1C9 /* ViewModel */,
				8F8D58D72122D03F0013B1C9 /* Other */,
				8F8D58D82122D03F0013B1C9 /* Model */,
				8F8D58D92122D03F0013B1C9 /* View */,
				8F8D58DA2122D03F0013B1C9 /* ViewController */,
			);
			path = "AccidentRescue(事故救援)";
			sourceTree = "<group>";
		};
		8F8D58D62122D03F0013B1C9 /* ViewModel */ = {
			isa = PBXGroup;
			children = (
			);
			path = ViewModel;
			sourceTree = "<group>";
		};
		8F8D58D72122D03F0013B1C9 /* Other */ = {
			isa = PBXGroup;
			children = (
			);
			path = Other;
			sourceTree = "<group>";
		};
		8F8D58D82122D03F0013B1C9 /* Model */ = {
			isa = PBXGroup;
			children = (
			);
			path = Model;
			sourceTree = "<group>";
		};
		8F8D58D92122D03F0013B1C9 /* View */ = {
			isa = PBXGroup;
			children = (
			);
			path = View;
			sourceTree = "<group>";
		};
		8F8D58DA2122D03F0013B1C9 /* ViewController */ = {
			isa = PBXGroup;
			children = (
			);
			path = ViewController;
			sourceTree = "<group>";
		};
		8F8D58DB2122D03F0013B1C9 /* LeftMainDrawer */ = {
			isa = PBXGroup;
			children = (
				8F8D58DC2122D03F0013B1C9 /* ViewModel */,
				8F8D58DD2122D03F0013B1C9 /* Other */,
				8F8D58DE2122D03F0013B1C9 /* Model */,
				8F8D58DF2122D03F0013B1C9 /* View */,
				8F8D58E02122D03F0013B1C9 /* ViewController */,
			);
			path = LeftMainDrawer;
			sourceTree = "<group>";
		};
		8F8D58DC2122D03F0013B1C9 /* ViewModel */ = {
			isa = PBXGroup;
			children = (
			);
			path = ViewModel;
			sourceTree = "<group>";
		};
		8F8D58DD2122D03F0013B1C9 /* Other */ = {
			isa = PBXGroup;
			children = (
			);
			path = Other;
			sourceTree = "<group>";
		};
		8F8D58DE2122D03F0013B1C9 /* Model */ = {
			isa = PBXGroup;
			children = (
			);
			path = Model;
			sourceTree = "<group>";
		};
		8F8D58DF2122D03F0013B1C9 /* View */ = {
			isa = PBXGroup;
			children = (
			);
			path = View;
			sourceTree = "<group>";
		};
		8F8D58E02122D03F0013B1C9 /* ViewController */ = {
			isa = PBXGroup;
			children = (
				8F8D59062122D0940013B1C9 /* TZLeftMainDrawerVC.h */,
				8F8D59052122D0940013B1C9 /* TZLeftMainDrawerVC.m */,
			);
			path = ViewController;
			sourceTree = "<group>";
		};
		8F8D58E12122D03F0013B1C9 /* ViolationReporting(违章上报) */ = {
			isa = PBXGroup;
			children = (
				8F8D58E22122D03F0013B1C9 /* ViewModel */,
				8F8D58E32122D03F0013B1C9 /* Other */,
				8F8D58E42122D03F0013B1C9 /* Model */,
				8F8D58E52122D03F0013B1C9 /* View */,
				8F8D58E62122D03F0013B1C9 /* ViewController */,
			);
			path = "ViolationReporting(违章上报)";
			sourceTree = "<group>";
		};
		8F8D58E22122D03F0013B1C9 /* ViewModel */ = {
			isa = PBXGroup;
			children = (
			);
			path = ViewModel;
			sourceTree = "<group>";
		};
		8F8D58E32122D03F0013B1C9 /* Other */ = {
			isa = PBXGroup;
			children = (
			);
			path = Other;
			sourceTree = "<group>";
		};
		8F8D58E42122D03F0013B1C9 /* Model */ = {
			isa = PBXGroup;
			children = (
			);
			path = Model;
			sourceTree = "<group>";
		};
		8F8D58E52122D03F0013B1C9 /* View */ = {
			isa = PBXGroup;
			children = (
			);
			path = View;
			sourceTree = "<group>";
		};
		8F8D58E62122D03F0013B1C9 /* ViewController */ = {
			isa = PBXGroup;
			children = (
			);
			path = ViewController;
			sourceTree = "<group>";
		};
		8F8D58E72122D03F0013B1C9 /* MyItinerary(我的行程) */ = {
			isa = PBXGroup;
			children = (
				8F8D58E82122D03F0013B1C9 /* ViewModel */,
				8F8D58E92122D03F0013B1C9 /* Other */,
				8F8D58EA2122D03F0013B1C9 /* Model */,
				8F8D58EB2122D03F0013B1C9 /* View */,
				8F8D58EC2122D03F0013B1C9 /* ViewController */,
			);
			path = "MyItinerary(我的行程)";
			sourceTree = "<group>";
		};
		8F8D58E82122D03F0013B1C9 /* ViewModel */ = {
			isa = PBXGroup;
			children = (
			);
			path = ViewModel;
			sourceTree = "<group>";
		};
		8F8D58E92122D03F0013B1C9 /* Other */ = {
			isa = PBXGroup;
			children = (
			);
			path = Other;
			sourceTree = "<group>";
		};
		8F8D58EA2122D03F0013B1C9 /* Model */ = {
			isa = PBXGroup;
			children = (
			);
			path = Model;
			sourceTree = "<group>";
		};
		8F8D58EB2122D03F0013B1C9 /* View */ = {
			isa = PBXGroup;
			children = (
			);
			path = View;
			sourceTree = "<group>";
		};
		8F8D58EC2122D03F0013B1C9 /* ViewController */ = {
			isa = PBXGroup;
			children = (
			);
			path = ViewController;
			sourceTree = "<group>";
		};
		8F8D58ED2122D03F0013B1C9 /* MyCoupon */ = {
			isa = PBXGroup;
			children = (
				8F8D58EE2122D03F0013B1C9 /* ViewModel */,
				8F8D58EF2122D03F0013B1C9 /* Other */,
				8F8D58F02122D03F0013B1C9 /* Model */,
				8F8D58F12122D03F0013B1C9 /* View */,
				8F8D58F22122D03F0013B1C9 /* ViewController */,
			);
			path = MyCoupon;
			sourceTree = "<group>";
		};
		8F8D58EE2122D03F0013B1C9 /* ViewModel */ = {
			isa = PBXGroup;
			children = (
			);
			path = ViewModel;
			sourceTree = "<group>";
		};
		8F8D58EF2122D03F0013B1C9 /* Other */ = {
			isa = PBXGroup;
			children = (
			);
			path = Other;
			sourceTree = "<group>";
		};
		8F8D58F02122D03F0013B1C9 /* Model */ = {
			isa = PBXGroup;
			children = (
			);
			path = Model;
			sourceTree = "<group>";
		};
		8F8D58F12122D03F0013B1C9 /* View */ = {
			isa = PBXGroup;
			children = (
			);
			path = View;
			sourceTree = "<group>";
		};
		8F8D58F22122D03F0013B1C9 /* ViewController */ = {
			isa = PBXGroup;
			children = (
			);
			path = ViewController;
			sourceTree = "<group>";
		};
		8F8D58F32122D03F0013B1C9 /* MyViolation(我的违章) */ = {
			isa = PBXGroup;
			children = (
				8F8D58F42122D03F0013B1C9 /* ViewModel */,
				8F8D58F52122D03F0013B1C9 /* Other */,
				8F8D58F62122D03F0013B1C9 /* Model */,
				8F8D58F72122D03F0013B1C9 /* View */,
				8F8D58F82122D03F0013B1C9 /* ViewController */,
			);
			path = "MyViolation(我的违章)";
			sourceTree = "<group>";
		};
		8F8D58F42122D03F0013B1C9 /* ViewModel */ = {
			isa = PBXGroup;
			children = (
			);
			path = ViewModel;
			sourceTree = "<group>";
		};
		8F8D58F52122D03F0013B1C9 /* Other */ = {
			isa = PBXGroup;
			children = (
			);
			path = Other;
			sourceTree = "<group>";
		};
		8F8D58F62122D03F0013B1C9 /* Model */ = {
			isa = PBXGroup;
			children = (
			);
			path = Model;
			sourceTree = "<group>";
		};
		8F8D58F72122D03F0013B1C9 /* View */ = {
			isa = PBXGroup;
			children = (
			);
			path = View;
			sourceTree = "<group>";
		};
		8F8D58F82122D03F0013B1C9 /* ViewController */ = {
			isa = PBXGroup;
			children = (
			);
			path = ViewController;
			sourceTree = "<group>";
		};
		8F8D58F92122D03F0013B1C9 /* MyWallet */ = {
			isa = PBXGroup;
			children = (
				8F8D58FA2122D03F0013B1C9 /* ViewModel */,
				8F8D58FB2122D03F0013B1C9 /* Other */,
				8F8D58FC2122D03F0013B1C9 /* Model */,
				8F8D58FD2122D03F0013B1C9 /* View */,
				8F8D58FE2122D03F0013B1C9 /* ViewController */,
			);
			path = MyWallet;
			sourceTree = "<group>";
		};
		8F8D58FA2122D03F0013B1C9 /* ViewModel */ = {
			isa = PBXGroup;
			children = (
			);
			path = ViewModel;
			sourceTree = "<group>";
		};
		8F8D58FB2122D03F0013B1C9 /* Other */ = {
			isa = PBXGroup;
			children = (
			);
			path = Other;
			sourceTree = "<group>";
		};
		8F8D58FC2122D03F0013B1C9 /* Model */ = {
			isa = PBXGroup;
			children = (
			);
			path = Model;
			sourceTree = "<group>";
		};
		8F8D58FD2122D03F0013B1C9 /* View */ = {
			isa = PBXGroup;
			children = (
			);
			path = View;
			sourceTree = "<group>";
		};
		8F8D58FE2122D03F0013B1C9 /* ViewController */ = {
			isa = PBXGroup;
			children = (
			);
			path = ViewController;
			sourceTree = "<group>";
		};
		8F8D58FF2122D03F0013B1C9 /* FaultReport(故障上报) */ = {
			isa = PBXGroup;
			children = (
				8F8D59002122D03F0013B1C9 /* ViewModel */,
				8F8D59012122D03F0013B1C9 /* Other */,
				8F8D59022122D03F0013B1C9 /* Model */,
				8F8D59032122D03F0013B1C9 /* View */,
				8F8D59042122D03F0013B1C9 /* ViewController */,
			);
			path = "FaultReport(故障上报)";
			sourceTree = "<group>";
		};
		8F8D59002122D03F0013B1C9 /* ViewModel */ = {
			isa = PBXGroup;
			children = (
			);
			path = ViewModel;
			sourceTree = "<group>";
		};
		8F8D59012122D03F0013B1C9 /* Other */ = {
			isa = PBXGroup;
			children = (
			);
			path = Other;
			sourceTree = "<group>";
		};
		8F8D59022122D03F0013B1C9 /* Model */ = {
			isa = PBXGroup;
			children = (
			);
			path = Model;
			sourceTree = "<group>";
		};
		8F8D59032122D03F0013B1C9 /* View */ = {
			isa = PBXGroup;
			children = (
			);
			path = View;
			sourceTree = "<group>";
		};
		8F8D59042122D03F0013B1C9 /* ViewController */ = {
			isa = PBXGroup;
			children = (
			);
			path = ViewController;
			sourceTree = "<group>";
		};
		C8D85935EBAD9D3FA03A680C /* Frameworks */ = {
			isa = PBXGroup;
			children = (
				7C4C2B0AEE1AB9699D842D95 /* libPods-TZCarShare.a */,
			);
			name = Frameworks;
			sourceTree = "<group>";
		};
/* End PBXGroup section */

/* Begin PBXNativeTarget section */
		8F8D589E2122B26C0013B1C9 /* TZCarShare */ = {
			isa = PBXNativeTarget;
			buildConfigurationList = 8F8D58B52122B26E0013B1C9 /* Build configuration list for PBXNativeTarget "TZCarShare" */;
			buildPhases = (
				D09A94EAD68C8A11A8B0CE4E /* [CP] Check Pods Manifest.lock */,
				8F8D589B2122B26C0013B1C9 /* Sources */,
				8F8D589C2122B26C0013B1C9 /* Frameworks */,
				8F8D589D2122B26C0013B1C9 /* Resources */,
				40CEC1EB009FD2632959C5CD /* [CP] Copy Pods Resources */,
			);
			buildRules = (
			);
			dependencies = (
			);
			name = TZCarShare;
			productName = TZCarShare;
			productReference = 8F8D589F2122B26C0013B1C9 /* TZCarShare.app */;
			productType = "com.apple.product-type.application";
		};
/* End PBXNativeTarget section */

/* Begin PBXProject section */
		8F8D58972122B26C0013B1C9 /* Project object */ = {
			isa = PBXProject;
			attributes = {
				LastUpgradeCheck = 0940;
				ORGANIZATIONNAME = yangli;
				TargetAttributes = {
					8F8D589E2122B26C0013B1C9 = {
						CreatedOnToolsVersion = 9.4.1;
					};
				};
			};
			buildConfigurationList = 8F8D589A2122B26C0013B1C9 /* Build configuration list for PBXProject "TZCarShare" */;
			compatibilityVersion = "Xcode 9.3";
			developmentRegion = en;
			hasScannedForEncodings = 0;
			knownRegions = (
				en,
				Base,
			);
			mainGroup = 8F8D58962122B26C0013B1C9;
			productRefGroup = 8F8D58A02122B26C0013B1C9 /* Products */;
			projectDirPath = "";
			projectRoot = "";
			targets = (
				8F8D589E2122B26C0013B1C9 /* TZCarShare */,
			);
		};
/* End PBXProject section */

/* Begin PBXResourcesBuildPhase section */
		8F8D589D2122B26C0013B1C9 /* Resources */ = {
			isa = PBXResourcesBuildPhase;
			buildActionMask = 2147483647;
			files = (
				8F8D58D02122CB330013B1C9 /* LaunchScreen.xib in Resources */,
				8F8D58AC2122B26E0013B1C9 /* Assets.xcassets in Resources */,
			);
			runOnlyForDeploymentPostprocessing = 0;
		};
/* End PBXResourcesBuildPhase section */

/* Begin PBXShellScriptBuildPhase section */
		40CEC1EB009FD2632959C5CD /* [CP] Copy Pods Resources */ = {
			isa = PBXShellScriptBuildPhase;
			buildActionMask = 2147483647;
			files = (
			);
			inputPaths = (
				"${SRCROOT}/Pods/Target Support Files/Pods-TZCarShare/Pods-TZCarShare-resources.sh",
				"${PODS_ROOT}/MJRefresh/MJRefresh/MJRefresh.bundle",
			);
			name = "[CP] Copy Pods Resources";
			outputPaths = (
				"${TARGET_BUILD_DIR}/${UNLOCALIZED_RESOURCES_FOLDER_PATH}/MJRefresh.bundle",
			);
			runOnlyForDeploymentPostprocessing = 0;
			shellPath = /bin/sh;
			shellScript = "\"${SRCROOT}/Pods/Target Support Files/Pods-TZCarShare/Pods-TZCarShare-resources.sh\"\n";
			showEnvVarsInLog = 0;
		};
		D09A94EAD68C8A11A8B0CE4E /* [CP] Check Pods Manifest.lock */ = {
			isa = PBXShellScriptBuildPhase;
			buildActionMask = 2147483647;
			files = (
			);
			inputPaths = (
				"${PODS_PODFILE_DIR_PATH}/Podfile.lock",
				"${PODS_ROOT}/Manifest.lock",
			);
			name = "[CP] Check Pods Manifest.lock";
			outputPaths = (
				"$(DERIVED_FILE_DIR)/Pods-TZCarShare-checkManifestLockResult.txt",
			);
			runOnlyForDeploymentPostprocessing = 0;
			shellPath = /bin/sh;
			shellScript = "diff \"${PODS_PODFILE_DIR_PATH}/Podfile.lock\" \"${PODS_ROOT}/Manifest.lock\" > /dev/null\nif [ $? != 0 ] ; then\n    # print error to STDERR\n    echo \"error: The sandbox is not in sync with the Podfile.lock. Run 'pod install' or update your CocoaPods installation.\" >&2\n    exit 1\nfi\n# This output is used by Xcode 'outputs' to avoid re-running this script phase.\necho \"SUCCESS\" > \"${SCRIPT_OUTPUT_FILE_0}\"\n";
			showEnvVarsInLog = 0;
		};
/* End PBXShellScriptBuildPhase section */

/* Begin PBXSourcesBuildPhase section */
		8F8D589B2122B26C0013B1C9 /* Sources */ = {
			isa = PBXSourcesBuildPhase;
			buildActionMask = 2147483647;
			files = (
				8F8D58D32122CD400013B1C9 /* TZBaseNavigationViewController.m in Sources */,
				8F8D58BB2122C5140013B1C9 /* TZBaseViewController.m in Sources */,
				8F8D58B22122B26E0013B1C9 /* main.m in Sources */,
				8F8D59072122D0940013B1C9 /* TZLeftMainDrawerVC.m in Sources */,
				8F8D58A42122B26C0013B1C9 /* AppDelegate.m in Sources */,
				8F8D58CB2122C86A0013B1C9 /* TZHomeViewController.m in Sources */,
			);
			runOnlyForDeploymentPostprocessing = 0;
		};
/* End PBXSourcesBuildPhase section */

/* Begin XCBuildConfiguration section */
		8F8D58B32122B26E0013B1C9 /* Debug */ = {
			isa = XCBuildConfiguration;
			buildSettings = {
				ALWAYS_SEARCH_USER_PATHS = NO;
				CLANG_ANALYZER_NONNULL = YES;
				CLANG_ANALYZER_NUMBER_OBJECT_CONVERSION = YES_AGGRESSIVE;
				CLANG_CXX_LANGUAGE_STANDARD = "gnu++14";
				CLANG_CXX_LIBRARY = "libc++";
				CLANG_ENABLE_MODULES = YES;
				CLANG_ENABLE_OBJC_ARC = YES;
				CLANG_ENABLE_OBJC_WEAK = YES;
				CLANG_WARN_BLOCK_CAPTURE_AUTORELEASING = YES;
				CLANG_WARN_BOOL_CONVERSION = YES;
				CLANG_WARN_COMMA = YES;
				CLANG_WARN_CONSTANT_CONVERSION = YES;
				CLANG_WARN_DEPRECATED_OBJC_IMPLEMENTATIONS = YES;
				CLANG_WARN_DIRECT_OBJC_ISA_USAGE = YES_ERROR;
				CLANG_WARN_DOCUMENTATION_COMMENTS = YES;
				CLANG_WARN_EMPTY_BODY = YES;
				CLANG_WARN_ENUM_CONVERSION = YES;
				CLANG_WARN_INFINITE_RECURSION = YES;
				CLANG_WARN_INT_CONVERSION = YES;
				CLANG_WARN_NON_LITERAL_NULL_CONVERSION = YES;
				CLANG_WARN_OBJC_IMPLICIT_RETAIN_SELF = YES;
				CLANG_WARN_OBJC_LITERAL_CONVERSION = YES;
				CLANG_WARN_OBJC_ROOT_CLASS = YES_ERROR;
				CLANG_WARN_RANGE_LOOP_ANALYSIS = YES;
				CLANG_WARN_STRICT_PROTOTYPES = YES;
				CLANG_WARN_SUSPICIOUS_MOVE = YES;
				CLANG_WARN_UNGUARDED_AVAILABILITY = YES_AGGRESSIVE;
				CLANG_WARN_UNREACHABLE_CODE = YES;
				CLANG_WARN__DUPLICATE_METHOD_MATCH = YES;
				CODE_SIGN_IDENTITY = "iPhone Developer";
				COPY_PHASE_STRIP = NO;
				DEBUG_INFORMATION_FORMAT = dwarf;
				ENABLE_STRICT_OBJC_MSGSEND = YES;
				ENABLE_TESTABILITY = YES;
				GCC_C_LANGUAGE_STANDARD = gnu11;
				GCC_DYNAMIC_NO_PIC = NO;
				GCC_NO_COMMON_BLOCKS = YES;
				GCC_OPTIMIZATION_LEVEL = 0;
				GCC_PREPROCESSOR_DEFINITIONS = (
					"DEBUG=1",
					"$(inherited)",
				);
				GCC_WARN_64_TO_32_BIT_CONVERSION = YES;
				GCC_WARN_ABOUT_RETURN_TYPE = YES_ERROR;
				GCC_WARN_UNDECLARED_SELECTOR = YES;
				GCC_WARN_UNINITIALIZED_AUTOS = YES_AGGRESSIVE;
				GCC_WARN_UNUSED_FUNCTION = YES;
				GCC_WARN_UNUSED_VARIABLE = YES;
				IPHONEOS_DEPLOYMENT_TARGET = 11.4;
				MTL_ENABLE_DEBUG_INFO = YES;
				ONLY_ACTIVE_ARCH = YES;
				SDKROOT = iphoneos;
			};
			name = Debug;
		};
		8F8D58B42122B26E0013B1C9 /* Release */ = {
			isa = XCBuildConfiguration;
			buildSettings = {
				ALWAYS_SEARCH_USER_PATHS = NO;
				CLANG_ANALYZER_NONNULL = YES;
				CLANG_ANALYZER_NUMBER_OBJECT_CONVERSION = YES_AGGRESSIVE;
				CLANG_CXX_LANGUAGE_STANDARD = "gnu++14";
				CLANG_CXX_LIBRARY = "libc++";
				CLANG_ENABLE_MODULES = YES;
				CLANG_ENABLE_OBJC_ARC = YES;
				CLANG_ENABLE_OBJC_WEAK = YES;
				CLANG_WARN_BLOCK_CAPTURE_AUTORELEASING = YES;
				CLANG_WARN_BOOL_CONVERSION = YES;
				CLANG_WARN_COMMA = YES;
				CLANG_WARN_CONSTANT_CONVERSION = YES;
				CLANG_WARN_DEPRECATED_OBJC_IMPLEMENTATIONS = YES;
				CLANG_WARN_DIRECT_OBJC_ISA_USAGE = YES_ERROR;
				CLANG_WARN_DOCUMENTATION_COMMENTS = YES;
				CLANG_WARN_EMPTY_BODY = YES;
				CLANG_WARN_ENUM_CONVERSION = YES;
				CLANG_WARN_INFINITE_RECURSION = YES;
				CLANG_WARN_INT_CONVERSION = YES;
				CLANG_WARN_NON_LITERAL_NULL_CONVERSION = YES;
				CLANG_WARN_OBJC_IMPLICIT_RETAIN_SELF = YES;
				CLANG_WARN_OBJC_LITERAL_CONVERSION = YES;
				CLANG_WARN_OBJC_ROOT_CLASS = YES_ERROR;
				CLANG_WARN_RANGE_LOOP_ANALYSIS = YES;
				CLANG_WARN_STRICT_PROTOTYPES = YES;
				CLANG_WARN_SUSPICIOUS_MOVE = YES;
				CLANG_WARN_UNGUARDED_AVAILABILITY = YES_AGGRESSIVE;
				CLANG_WARN_UNREACHABLE_CODE = YES;
				CLANG_WARN__DUPLICATE_METHOD_MATCH = YES;
				CODE_SIGN_IDENTITY = "iPhone Developer";
				COPY_PHASE_STRIP = NO;
				DEBUG_INFORMATION_FORMAT = "dwarf-with-dsym";
				ENABLE_NS_ASSERTIONS = NO;
				ENABLE_STRICT_OBJC_MSGSEND = YES;
				GCC_C_LANGUAGE_STANDARD = gnu11;
				GCC_NO_COMMON_BLOCKS = YES;
				GCC_WARN_64_TO_32_BIT_CONVERSION = YES;
				GCC_WARN_ABOUT_RETURN_TYPE = YES_ERROR;
				GCC_WARN_UNDECLARED_SELECTOR = YES;
				GCC_WARN_UNINITIALIZED_AUTOS = YES_AGGRESSIVE;
				GCC_WARN_UNUSED_FUNCTION = YES;
				GCC_WARN_UNUSED_VARIABLE = YES;
				IPHONEOS_DEPLOYMENT_TARGET = 11.4;
				MTL_ENABLE_DEBUG_INFO = NO;
				SDKROOT = iphoneos;
				VALIDATE_PRODUCT = YES;
			};
			name = Release;
		};
		8F8D58B62122B26E0013B1C9 /* Debug */ = {
			isa = XCBuildConfiguration;
			baseConfigurationReference = 17139A30D627E7D9325CC09E /* Pods-TZCarShare.debug.xcconfig */;
			buildSettings = {
				ASSETCATALOG_COMPILER_APPICON_NAME = AppIcon;
				CODE_SIGN_STYLE = Automatic;
				DEVELOPMENT_TEAM = 4A7XTN25NS;
				GCC_PRECOMPILE_PREFIX_HEADER = YES;
				GCC_PREFIX_HEADER = "$(SRCROOT)/TZCarShare/TZCarShare.pch";
				INFOPLIST_FILE = TZCarShare/Info.plist;
				IPHONEOS_DEPLOYMENT_TARGET = 8.0;
				LD_RUNPATH_SEARCH_PATHS = (
					"$(inherited)",
					"@executable_path/Frameworks",
				);
				PRODUCT_BUNDLE_IDENTIFIER = com.tezhi.TZCarShare;
				PRODUCT_NAME = "$(TARGET_NAME)";
				TARGETED_DEVICE_FAMILY = 1;
			};
			name = Debug;
		};
		8F8D58B72122B26E0013B1C9 /* Release */ = {
			isa = XCBuildConfiguration;
			baseConfigurationReference = C937EFABBFC989963F71C9FA /* Pods-TZCarShare.release.xcconfig */;
			buildSettings = {
				ASSETCATALOG_COMPILER_APPICON_NAME = AppIcon;
				CODE_SIGN_STYLE = Automatic;
				DEVELOPMENT_TEAM = 4A7XTN25NS;
				GCC_PRECOMPILE_PREFIX_HEADER = YES;
				GCC_PREFIX_HEADER = "$(SRCROOT)/TZCarShare/TZCarShare.pch";
				INFOPLIST_FILE = TZCarShare/Info.plist;
				IPHONEOS_DEPLOYMENT_TARGET = 8.0;
				LD_RUNPATH_SEARCH_PATHS = (
					"$(inherited)",
					"@executable_path/Frameworks",
				);
				PRODUCT_BUNDLE_IDENTIFIER = com.tezhi.TZCarShare;
				PRODUCT_NAME = "$(TARGET_NAME)";
				TARGETED_DEVICE_FAMILY = 1;
			};
			name = Release;
		};
/* End XCBuildConfiguration section */

/* Begin XCConfigurationList section */
		8F8D589A2122B26C0013B1C9 /* Build configuration list for PBXProject "TZCarShare" */ = {
			isa = XCConfigurationList;
			buildConfigurations = (
				8F8D58B32122B26E0013B1C9 /* Debug */,
				8F8D58B42122B26E0013B1C9 /* Release */,
			);
			defaultConfigurationIsVisible = 0;
			defaultConfigurationName = Release;
		};
		8F8D58B52122B26E0013B1C9 /* Build configuration list for PBXNativeTarget "TZCarShare" */ = {
			isa = XCConfigurationList;
			buildConfigurations = (
				8F8D58B62122B26E0013B1C9 /* Debug */,
				8F8D58B72122B26E0013B1C9 /* Release */,
			);
			defaultConfigurationIsVisible = 0;
			defaultConfigurationName = Release;
		};
/* End XCConfigurationList section */
	};
	rootObject = 8F8D58972122B26C0013B1C9 /* Project object */;
}
